
Microsoft Visual Studio Solution File, Format Version 12.00
# Visual Studio Version 17
VisualStudioVersion = 17.13.35919.96 d17.13
MinimumVisualStudioVersion = 10.0.40219.1
Project("{FAE04EC0-301F-11D3-BF4B-00C04F79EFBC}") = "PolMedUMG", "PolMedUMG.csproj", "{2A47BFB9-25D4-6A5E-5491-887049EF6041}"
EndProject
Global
	GlobalSection(SolutionConfigurationPlatforms) = preSolution
		Debug|Any CPU = Debug|Any CPU
		Release|Any CPU = Release|Any CPU
	EndGlobalSection
	GlobalSection(ProjectConfigurationPlatforms) = postSolution
		{2A47BFB9-25D4-6A5E-5491-887049EF6041}.Debug|Any CPU.ActiveCfg = Debug|Any CPU
		{2A47BFB9-25D4-6A5E-5491-887049EF6041}.Debug|Any CPU.Build.0 = Debug|Any CPU
		{2A47BFB9-25D4-6A5E-5491-887049EF6041}.Release|Any CPU.ActiveCfg = Release|Any CPU
		{2A47BFB9-25D4-6A5E-5491-887049EF6041}.Release|Any CPU.Build.0 = Release|Any CPU
	EndGlobalSection
	GlobalSection(SolutionProperties) = preSolution
		HideSolutionNode = FALSE
	EndGlobalSection
	GlobalSection(ExtensibilityGlobals) = postSolution
		SolutionGuid = {53F99B66-37A8-4BDE-902A-018142A0F714}
	EndGlobalSection
EndGlobal
